
Microsoft Visual Studio Solution File, Format Version 12.00
# Visual Studio Version 17
VisualStudioVersion = 17.5.002.0
MinimumVisualStudioVersion = 10.0.40219.1
Project("{9A19103F-16F7-4668-BE54-9A1E7A4F7556}") = "MyFirstAzureWebApp", "MyFirstAzureWebApp.csproj", "{30B60144-7D97-421D-B7F6-5B5144E26739}"
EndProject
Global
	GlobalSection(SolutionConfigurationPlatforms) = preSolution
		Debug|Any CPU = Debug|Any CPU
		Release|Any CPU = Release|Any CPU
	EndGlobalSection
	GlobalSection(ProjectConfigurationPlatforms) = postSolution
		{30B60144-7D97-421D-B7F6-5B5144E26739}.Debug|Any CPU.ActiveCfg = Debug|Any CPU
		{30B60144-7D97-421D-B7F6-5B5144E26739}.Debug|Any CPU.Build.0 = Debug|Any CPU
		{30B60144-7D97-421D-B7F6-5B5144E26739}.Release|Any CPU.ActiveCfg = Release|Any CPU
		{30B60144-7D97-421D-B7F6-5B5144E26739}.Release|Any CPU.Build.0 = Release|Any CPU
	EndGlobalSection
	GlobalSection(SolutionProperties) = preSolution
		HideSolutionNode = FALSE
	EndGlobalSection
	GlobalSection(ExtensibilityGlobals) = postSolution
		SolutionGuid = {112208D4-A8DF-42B0-AA20-D108E30D7DAE}
	EndGlobalSection
EndGlobal
